
Microsoft Visual Studio Solution File, Format Version 12.00
# Visual Studio Version 17
VisualStudioVersion = 17.0.31903.59
MinimumVisualStudioVersion = 10.0.40219.1
Project("{2150E333-8FDC-42A3-9474-1A3956D46DE8}") = "Script", "Script", "{0BB39A05-1926-C2B2-7003-8EB281EB5439}"
EndProject
Project("{FAE04EC0-301F-11D3-BF4B-00C04F79EFBC}") = "Pokemon.Core", "Pokemon.Core\Pokemon.Core.csproj", "{54429208-D46D-47A1-80A0-4EE05CD92E16}"
EndProject
Project("{FAE04EC0-301F-11D3-BF4B-00C04F79EFBC}") = "Pokemon.Data", "Pokemon.Data\Pokemon.Data.csproj", "{18059E63-C948-4269-B99C-F9B9652780F4}"
EndProject
Project("{FAE04EC0-301F-11D3-BF4B-00C04F79EFBC}") = "Pokemon.Editor", "Pokemon.Editor\Pokemon.Editor.csproj", "{B6B1C5C7-9B55-4DD9-BC5E-F3A9FABC27CD}"
EndProject
Project("{FAE04EC0-301F-11D3-BF4B-00C04F79EFBC}") = "Pokemon.Tests", "Pokemon.Tests\Pokemon.Tests.csproj", "{4AAFDD82-2585-441C-A7B9-D8395180194F}"
EndProject
Project("{FAE04EC0-301F-11D3-BF4B-00C04F79EFBC}") = "Pokemon.UI", "Pokemon.UI\Pokemon.UI.csproj", "{28771DB0-8089-4C47-9AC6-7634EC6472B7}"
EndProject
Project("{FAE04EC0-301F-11D3-BF4B-00C04F79EFBC}") = "TurnBasedFramework.Glue", "TurnBasedFramework.Glue\TurnBasedFramework.Glue.csproj", "{C0C36711-85AD-4365-B16E-F5B13EF1C23B}"
EndProject
Project("{2150E333-8FDC-42A3-9474-1A3956D46DE8}") = "Plugins", "Plugins", "{07D57EEB-2F50-60C4-C011-FE4FA775C9A8}"
EndProject
Project("{2150E333-8FDC-42A3-9474-1A3956D46DE8}") = "CommonUtilities", "CommonUtilities", "{1B5DBFC7-91FE-CBE6-2577-3EF66F43B42E}"
EndProject
Project("{FAE04EC0-301F-11D3-BF4B-00C04F79EFBC}") = "CommonUtilities.Glue", "..\Plugins\CommonUtilities\Script\CommonUtilities.Glue\CommonUtilities.Glue.csproj", "{EBC7F525-C10D-486D-BB9C-D5DB5E071D95}"
EndProject
Project("{2150E333-8FDC-42A3-9474-1A3956D46DE8}") = "GameDataAccessTools", "GameDataAccessTools", "{3E331FB1-F31D-C731-6FCB-702D03607601}"
EndProject
Project("{FAE04EC0-301F-11D3-BF4B-00C04F79EFBC}") = "GameDataAccessTools.Core", "..\Plugins\GameDataAccessTools\Script\GameDataAccessTools.Core\GameDataAccessTools.Core.csproj", "{16D48EE5-9169-4B23-9161-5B3988081142}"
EndProject
Project("{FAE04EC0-301F-11D3-BF4B-00C04F79EFBC}") = "GameDataAccessTools.Glue", "..\Plugins\GameDataAccessTools\Script\GameDataAccessTools.Glue\GameDataAccessTools.Glue.csproj", "{DE1EAEE9-4147-4658-9095-A2EA9CA5B848}"
EndProject
Project("{FAE04EC0-301F-11D3-BF4B-00C04F79EFBC}") = "GameDataAccessTools.SourceGenerator", "..\Plugins\GameDataAccessTools\Script\GameDataAccessTools.SourceGenerator\GameDataAccessTools.SourceGenerator.csproj", "{D4636868-D349-4B45-9510-5116B4E89512}"
EndProject
Project("{2150E333-8FDC-42A3-9474-1A3956D46DE8}") = "TurnBasedGameplay", "TurnBasedGameplay", "{E6561BC6-926A-4557-2070-28E38F5B00AC}"
EndProject
Project("{FAE04EC0-301F-11D3-BF4B-00C04F79EFBC}") = "TurnBased.Core", "..\Plugins\TurnBasedGameplay\Script\TurnBased.Core\TurnBased.Core.csproj", "{5B8F4AD6-5495-46F1-ABE1-AB259DCC693B}"
EndProject
Project("{FAE04EC0-301F-11D3-BF4B-00C04F79EFBC}") = "TurnBased.SourceGenerator", "..\Plugins\TurnBasedGameplay\Script\TurnBased.SourceGenerator\TurnBased.SourceGenerator.csproj", "{1020E3E2-41F3-4459-9DF2-9E9FE796FE07}"
EndProject
Project("{2150E333-8FDC-42A3-9474-1A3956D46DE8}") = "TurnBasedUI", "TurnBasedUI", "{E0362B1B-6881-4CC8-495F-01DC47E8A251}"
EndProject
Project("{FAE04EC0-301F-11D3-BF4B-00C04F79EFBC}") = "TurnBased.UI", "..\Plugins\TurnBasedUI\Script\TurnBased.UI\TurnBased.UI.csproj", "{F0E0AB8B-1E1F-4346-AE25-376C9787F829}"
EndProject
Project("{FAE04EC0-301F-11D3-BF4B-00C04F79EFBC}") = "TurnBasedUI.Glue", "..\Plugins\TurnBasedUI\Script\TurnBasedUI.Glue\TurnBasedUI.Glue.csproj", "{700677C3-63D4-4941-BC00-9D7DBC3D40FA}"
EndProject
Project("{2150E333-8FDC-42A3-9474-1A3956D46DE8}") = "UnrealInject", "UnrealInject", "{923F1B13-4AB7-9957-92E8-7CA668E7127F}"
EndProject
Project("{FAE04EC0-301F-11D3-BF4B-00C04F79EFBC}") = "UnrealInject", "..\Plugins\UnrealInject\Script\UnrealInject\UnrealInject.csproj", "{C79638B5-BC1B-48FE-BDCC-8AEBA418F3AF}"
EndProject
Project("{FAE04EC0-301F-11D3-BF4B-00C04F79EFBC}") = "UnrealInject.SourceGenerator", "..\Plugins\UnrealInject\Script\UnrealInject.SourceGenerator\UnrealInject.SourceGenerator.csproj", "{55A71E2B-411E-41E9-B9C0-355D01102D9A}"
EndProject
Project("{2150E333-8FDC-42A3-9474-1A3956D46DE8}") = "UnrealSharpCommonUI", "UnrealSharpCommonUI", "{46636000-CFE4-BE84-FC5B-E694AB23E4A2}"
EndProject
Project("{FAE04EC0-301F-11D3-BF4B-00C04F79EFBC}") = "UnrealSharpCommonUI.Glue", "..\Plugins\UnrealSharpCommonUI\Script\UnrealSharpCommonUI.Glue\UnrealSharpCommonUI.Glue.csproj", "{CE43F9CF-635B-450D-B679-A9B529D6F3F0}"
EndProject
Project("{2150E333-8FDC-42A3-9474-1A3956D46DE8}") = "UnrealSharpTest", "UnrealSharpTest", "{4F682FB3-5620-D857-DD75-B299D5E69AA1}"
EndProject
Project("{FAE04EC0-301F-11D3-BF4B-00C04F79EFBC}") = "UnrealSharp.Test", "..\Plugins\UnrealSharpTest\Script\UnrealSharp.Test\UnrealSharp.Test.csproj", "{AB753C2D-89F8-40D3-81CD-68567A0DCB96}"
EndProject
Project("{FAE04EC0-301F-11D3-BF4B-00C04F79EFBC}") = "UnrealSharp.Test.Functional", "..\Plugins\UnrealSharpTest\Script\UnrealSharp.Test.Functional\UnrealSharp.Test.Functional.csproj", "{3F86AFA7-6443-4A62-B14F-F7B102907C4C}"
EndProject
Project("{FAE04EC0-301F-11D3-BF4B-00C04F79EFBC}") = "UnrealSharp.Test.Sample", "..\Plugins\UnrealSharpTest\Script\UnrealSharp.Test.Sample\UnrealSharp.Test.Sample.csproj", "{9D8A355E-A55C-4C0C-8264-D682CDC89E6D}"
EndProject
Project("{FAE04EC0-301F-11D3-BF4B-00C04F79EFBC}") = "UnrealSharp.Test.Utils", "..\Plugins\UnrealSharpTest\Script\UnrealSharp.Test.Utils\UnrealSharp.Test.Utils.csproj", "{03BA2D7E-193F-43CC-B8A8-1222005D4831}"
EndProject
Project("{FAE04EC0-301F-11D3-BF4B-00C04F79EFBC}") = "UnrealSharpTest.Glue", "..\Plugins\UnrealSharpTest\Script\UnrealSharpTest.Glue\UnrealSharpTest.Glue.csproj", "{6F36A6C7-66B1-4031-BB94-7AF399C55A8E}"
EndProject
Global
	GlobalSection(SolutionConfigurationPlatforms) = preSolution
		Debug|Any CPU = Debug|Any CPU
		Debug|x64 = Debug|x64
		Debug|x86 = Debug|x86
		Release|Any CPU = Release|Any CPU
		Release|x64 = Release|x64
		Release|x86 = Release|x86
	EndGlobalSection
	GlobalSection(ProjectConfigurationPlatforms) = postSolution
		{54429208-D46D-47A1-80A0-4EE05CD92E16}.Debug|Any CPU.ActiveCfg = Debug|Any CPU
		{54429208-D46D-47A1-80A0-4EE05CD92E16}.Debug|Any CPU.Build.0 = Debug|Any CPU
		{54429208-D46D-47A1-80A0-4EE05CD92E16}.Debug|x64.ActiveCfg = Debug|Any CPU
		{54429208-D46D-47A1-80A0-4EE05CD92E16}.Debug|x64.Build.0 = Debug|Any CPU
		{54429208-D46D-47A1-80A0-4EE05CD92E16}.Debug|x86.ActiveCfg = Debug|Any CPU
		{54429208-D46D-47A1-80A0-4EE05CD92E16}.Debug|x86.Build.0 = Debug|Any CPU
		{54429208-D46D-47A1-80A0-4EE05CD92E16}.Release|Any CPU.ActiveCfg = Release|Any CPU
		{54429208-D46D-47A1-80A0-4EE05CD92E16}.Release|Any CPU.Build.0 = Release|Any CPU
		{54429208-D46D-47A1-80A0-4EE05CD92E16}.Release|x64.ActiveCfg = Release|Any CPU
		{54429208-D46D-47A1-80A0-4EE05CD92E16}.Release|x64.Build.0 = Release|Any CPU
		{54429208-D46D-47A1-80A0-4EE05CD92E16}.Release|x86.ActiveCfg = Release|Any CPU
		{54429208-D46D-47A1-80A0-4EE05CD92E16}.Release|x86.Build.0 = Release|Any CPU
		{18059E63-C948-4269-B99C-F9B9652780F4}.Debug|Any CPU.ActiveCfg = Debug|Any CPU
		{18059E63-C948-4269-B99C-F9B9652780F4}.Debug|Any CPU.Build.0 = Debug|Any CPU
		{18059E63-C948-4269-B99C-F9B9652780F4}.Debug|x64.ActiveCfg = Debug|Any CPU
		{18059E63-C948-4269-B99C-F9B9652780F4}.Debug|x64.Build.0 = Debug|Any CPU
		{18059E63-C948-4269-B99C-F9B9652780F4}.Debug|x86.ActiveCfg = Debug|Any CPU
		{18059E63-C948-4269-B99C-F9B9652780F4}.Debug|x86.Build.0 = Debug|Any CPU
		{18059E63-C948-4269-B99C-F9B9652780F4}.Release|Any CPU.ActiveCfg = Release|Any CPU
		{18059E63-C948-4269-B99C-F9B9652780F4}.Release|Any CPU.Build.0 = Release|Any CPU
		{18059E63-C948-4269-B99C-F9B9652780F4}.Release|x64.ActiveCfg = Release|Any CPU
		{18059E63-C948-4269-B99C-F9B9652780F4}.Release|x64.Build.0 = Release|Any CPU
		{18059E63-C948-4269-B99C-F9B9652780F4}.Release|x86.ActiveCfg = Release|Any CPU
		{18059E63-C948-4269-B99C-F9B9652780F4}.Release|x86.Build.0 = Release|Any CPU
		{B6B1C5C7-9B55-4DD9-BC5E-F3A9FABC27CD}.Debug|Any CPU.ActiveCfg = Debug|Any CPU
		{B6B1C5C7-9B55-4DD9-BC5E-F3A9FABC27CD}.Debug|Any CPU.Build.0 = Debug|Any CPU
		{B6B1C5C7-9B55-4DD9-BC5E-F3A9FABC27CD}.Debug|x64.ActiveCfg = Debug|Any CPU
		{B6B1C5C7-9B55-4DD9-BC5E-F3A9FABC27CD}.Debug|x64.Build.0 = Debug|Any CPU
		{B6B1C5C7-9B55-4DD9-BC5E-F3A9FABC27CD}.Debug|x86.ActiveCfg = Debug|Any CPU
		{B6B1C5C7-9B55-4DD9-BC5E-F3A9FABC27CD}.Debug|x86.Build.0 = Debug|Any CPU
		{B6B1C5C7-9B55-4DD9-BC5E-F3A9FABC27CD}.Release|Any CPU.ActiveCfg = Release|Any CPU
		{B6B1C5C7-9B55-4DD9-BC5E-F3A9FABC27CD}.Release|Any CPU.Build.0 = Release|Any CPU
		{B6B1C5C7-9B55-4DD9-BC5E-F3A9FABC27CD}.Release|x64.ActiveCfg = Release|Any CPU
		{B6B1C5C7-9B55-4DD9-BC5E-F3A9FABC27CD}.Release|x64.Build.0 = Release|Any CPU
		{B6B1C5C7-9B55-4DD9-BC5E-F3A9FABC27CD}.Release|x86.ActiveCfg = Release|Any CPU
		{B6B1C5C7-9B55-4DD9-BC5E-F3A9FABC27CD}.Release|x86.Build.0 = Release|Any CPU
		{4AAFDD82-2585-441C-A7B9-D8395180194F}.Debug|Any CPU.ActiveCfg = Debug|Any CPU
		{4AAFDD82-2585-441C-A7B9-D8395180194F}.Debug|Any CPU.Build.0 = Debug|Any CPU
		{4AAFDD82-2585-441C-A7B9-D8395180194F}.Debug|x64.ActiveCfg = Debug|Any CPU
		{4AAFDD82-2585-441C-A7B9-D8395180194F}.Debug|x64.Build.0 = Debug|Any CPU
		{4AAFDD82-2585-441C-A7B9-D8395180194F}.Debug|x86.ActiveCfg = Debug|Any CPU
		{4AAFDD82-2585-441C-A7B9-D8395180194F}.Debug|x86.Build.0 = Debug|Any CPU
		{4AAFDD82-2585-441C-A7B9-D8395180194F}.Release|Any CPU.ActiveCfg = Release|Any CPU
		{4AAFDD82-2585-441C-A7B9-D8395180194F}.Release|Any CPU.Build.0 = Release|Any CPU
		{4AAFDD82-2585-441C-A7B9-D8395180194F}.Release|x64.ActiveCfg = Release|Any CPU
		{4AAFDD82-2585-441C-A7B9-D8395180194F}.Release|x64.Build.0 = Release|Any CPU
		{4AAFDD82-2585-441C-A7B9-D8395180194F}.Release|x86.ActiveCfg = Release|Any CPU
		{4AAFDD82-2585-441C-A7B9-D8395180194F}.Release|x86.Build.0 = Release|Any CPU
		{28771DB0-8089-4C47-9AC6-7634EC6472B7}.Debug|Any CPU.ActiveCfg = Debug|Any CPU
		{28771DB0-8089-4C47-9AC6-7634EC6472B7}.Debug|Any CPU.Build.0 = Debug|Any CPU
		{28771DB0-8089-4C47-9AC6-7634EC6472B7}.Debug|x64.ActiveCfg = Debug|Any CPU
		{28771DB0-8089-4C47-9AC6-7634EC6472B7}.Debug|x64.Build.0 = Debug|Any CPU
		{28771DB0-8089-4C47-9AC6-7634EC6472B7}.Debug|x86.ActiveCfg = Debug|Any CPU
		{28771DB0-8089-4C47-9AC6-7634EC6472B7}.Debug|x86.Build.0 = Debug|Any CPU
		{28771DB0-8089-4C47-9AC6-7634EC6472B7}.Release|Any CPU.ActiveCfg = Release|Any CPU
		{28771DB0-8089-4C47-9AC6-7634EC6472B7}.Release|Any CPU.Build.0 = Release|Any CPU
		{28771DB0-8089-4C47-9AC6-7634EC6472B7}.Release|x64.ActiveCfg = Release|Any CPU
		{28771DB0-8089-4C47-9AC6-7634EC6472B7}.Release|x64.Build.0 = Release|Any CPU
		{28771DB0-8089-4C47-9AC6-7634EC6472B7}.Release|x86.ActiveCfg = Release|Any CPU
		{28771DB0-8089-4C47-9AC6-7634EC6472B7}.Release|x86.Build.0 = Release|Any CPU
		{C0C36711-85AD-4365-B16E-F5B13EF1C23B}.Debug|Any CPU.ActiveCfg = Debug|Any CPU
		{C0C36711-85AD-4365-B16E-F5B13EF1C23B}.Debug|Any CPU.Build.0 = Debug|Any CPU
		{C0C36711-85AD-4365-B16E-F5B13EF1C23B}.Debug|x64.ActiveCfg = Debug|Any CPU
		{C0C36711-85AD-4365-B16E-F5B13EF1C23B}.Debug|x64.Build.0 = Debug|Any CPU
		{C0C36711-85AD-4365-B16E-F5B13EF1C23B}.Debug|x86.ActiveCfg = Debug|Any CPU
		{C0C36711-85AD-4365-B16E-F5B13EF1C23B}.Debug|x86.Build.0 = Debug|Any CPU
		{C0C36711-85AD-4365-B16E-F5B13EF1C23B}.Release|Any CPU.ActiveCfg = Release|Any CPU
		{C0C36711-85AD-4365-B16E-F5B13EF1C23B}.Release|Any CPU.Build.0 = Release|Any CPU
		{C0C36711-85AD-4365-B16E-F5B13EF1C23B}.Release|x64.ActiveCfg = Release|Any CPU
		{C0C36711-85AD-4365-B16E-F5B13EF1C23B}.Release|x64.Build.0 = Release|Any CPU
		{C0C36711-85AD-4365-B16E-F5B13EF1C23B}.Release|x86.ActiveCfg = Release|Any CPU
		{C0C36711-85AD-4365-B16E-F5B13EF1C23B}.Release|x86.Build.0 = Release|Any CPU
		{EBC7F525-C10D-486D-BB9C-D5DB5E071D95}.Debug|Any CPU.ActiveCfg = Debug|Any CPU
		{EBC7F525-C10D-486D-BB9C-D5DB5E071D95}.Debug|Any CPU.Build.0 = Debug|Any CPU
		{EBC7F525-C10D-486D-BB9C-D5DB5E071D95}.Debug|x64.ActiveCfg = Debug|Any CPU
		{EBC7F525-C10D-486D-BB9C-D5DB5E071D95}.Debug|x64.Build.0 = Debug|Any CPU
		{EBC7F525-C10D-486D-BB9C-D5DB5E071D95}.Debug|x86.ActiveCfg = Debug|Any CPU
		{EBC7F525-C10D-486D-BB9C-D5DB5E071D95}.Debug|x86.Build.0 = Debug|Any CPU
		{EBC7F525-C10D-486D-BB9C-D5DB5E071D95}.Release|Any CPU.ActiveCfg = Release|Any CPU
		{EBC7F525-C10D-486D-BB9C-D5DB5E071D95}.Release|Any CPU.Build.0 = Release|Any CPU
		{EBC7F525-C10D-486D-BB9C-D5DB5E071D95}.Release|x64.ActiveCfg = Release|Any CPU
		{EBC7F525-C10D-486D-BB9C-D5DB5E071D95}.Release|x64.Build.0 = Release|Any CPU
		{EBC7F525-C10D-486D-BB9C-D5DB5E071D95}.Release|x86.ActiveCfg = Release|Any CPU
		{EBC7F525-C10D-486D-BB9C-D5DB5E071D95}.Release|x86.Build.0 = Release|Any CPU
		{16D48EE5-9169-4B23-9161-5B3988081142}.Debug|Any CPU.ActiveCfg = Debug|Any CPU
		{16D48EE5-9169-4B23-9161-5B3988081142}.Debug|Any CPU.Build.0 = Debug|Any CPU
		{16D48EE5-9169-4B23-9161-5B3988081142}.Debug|x64.ActiveCfg = Debug|Any CPU
		{16D48EE5-9169-4B23-9161-5B3988081142}.Debug|x64.Build.0 = Debug|Any CPU
		{16D48EE5-9169-4B23-9161-5B3988081142}.Debug|x86.ActiveCfg = Debug|Any CPU
		{16D48EE5-9169-4B23-9161-5B3988081142}.Debug|x86.Build.0 = Debug|Any CPU
		{16D48EE5-9169-4B23-9161-5B3988081142}.Release|Any CPU.ActiveCfg = Release|Any CPU
		{16D48EE5-9169-4B23-9161-5B3988081142}.Release|Any CPU.Build.0 = Release|Any CPU
		{16D48EE5-9169-4B23-9161-5B3988081142}.Release|x64.ActiveCfg = Release|Any CPU
		{16D48EE5-9169-4B23-9161-5B3988081142}.Release|x64.Build.0 = Release|Any CPU
		{16D48EE5-9169-4B23-9161-5B3988081142}.Release|x86.ActiveCfg = Release|Any CPU
		{16D48EE5-9169-4B23-9161-5B3988081142}.Release|x86.Build.0 = Release|Any CPU
		{DE1EAEE9-4147-4658-9095-A2EA9CA5B848}.Debug|Any CPU.ActiveCfg = Debug|Any CPU
		{DE1EAEE9-4147-4658-9095-A2EA9CA5B848}.Debug|Any CPU.Build.0 = Debug|Any CPU
		{DE1EAEE9-4147-4658-9095-A2EA9CA5B848}.Debug|x64.ActiveCfg = Debug|Any CPU
		{DE1EAEE9-4147-4658-9095-A2EA9CA5B848}.Debug|x64.Build.0 = Debug|Any CPU
		{DE1EAEE9-4147-4658-9095-A2EA9CA5B848}.Debug|x86.ActiveCfg = Debug|Any CPU
		{DE1EAEE9-4147-4658-9095-A2EA9CA5B848}.Debug|x86.Build.0 = Debug|Any CPU
		{DE1EAEE9-4147-4658-9095-A2EA9CA5B848}.Release|Any CPU.ActiveCfg = Release|Any CPU
		{DE1EAEE9-4147-4658-9095-A2EA9CA5B848}.Release|Any CPU.Build.0 = Release|Any CPU
		{DE1EAEE9-4147-4658-9095-A2EA9CA5B848}.Release|x64.ActiveCfg = Release|Any CPU
		{DE1EAEE9-4147-4658-9095-A2EA9CA5B848}.Release|x64.Build.0 = Release|Any CPU
		{DE1EAEE9-4147-4658-9095-A2EA9CA5B848}.Release|x86.ActiveCfg = Release|Any CPU
		{DE1EAEE9-4147-4658-9095-A2EA9CA5B848}.Release|x86.Build.0 = Release|Any CPU
		{D4636868-D349-4B45-9510-5116B4E89512}.Debug|Any CPU.ActiveCfg = Debug|Any CPU
		{D4636868-D349-4B45-9510-5116B4E89512}.Debug|Any CPU.Build.0 = Debug|Any CPU
		{D4636868-D349-4B45-9510-5116B4E89512}.Debug|x64.ActiveCfg = Debug|Any CPU
		{D4636868-D349-4B45-9510-5116B4E89512}.Debug|x64.Build.0 = Debug|Any CPU
		{D4636868-D349-4B45-9510-5116B4E89512}.Debug|x86.ActiveCfg = Debug|Any CPU
		{D4636868-D349-4B45-9510-5116B4E89512}.Debug|x86.Build.0 = Debug|Any CPU
		{D4636868-D349-4B45-9510-5116B4E89512}.Release|Any CPU.ActiveCfg = Release|Any CPU
		{D4636868-D349-4B45-9510-5116B4E89512}.Release|Any CPU.Build.0 = Release|Any CPU
		{D4636868-D349-4B45-9510-5116B4E89512}.Release|x64.ActiveCfg = Release|Any CPU
		{D4636868-D349-4B45-9510-5116B4E89512}.Release|x64.Build.0 = Release|Any CPU
		{D4636868-D349-4B45-9510-5116B4E89512}.Release|x86.ActiveCfg = Release|Any CPU
		{D4636868-D349-4B45-9510-5116B4E89512}.Release|x86.Build.0 = Release|Any CPU
		{5B8F4AD6-5495-46F1-ABE1-AB259DCC693B}.Debug|Any CPU.ActiveCfg = Debug|Any CPU
		{5B8F4AD6-5495-46F1-ABE1-AB259DCC693B}.Debug|Any CPU.Build.0 = Debug|Any CPU
		{5B8F4AD6-5495-46F1-ABE1-AB259DCC693B}.Debug|x64.ActiveCfg = Debug|Any CPU
		{5B8F4AD6-5495-46F1-ABE1-AB259DCC693B}.Debug|x64.Build.0 = Debug|Any CPU
		{5B8F4AD6-5495-46F1-ABE1-AB259DCC693B}.Debug|x86.ActiveCfg = Debug|Any CPU
		{5B8F4AD6-5495-46F1-ABE1-AB259DCC693B}.Debug|x86.Build.0 = Debug|Any CPU
		{5B8F4AD6-5495-46F1-ABE1-AB259DCC693B}.Release|Any CPU.ActiveCfg = Release|Any CPU
		{5B8F4AD6-5495-46F1-ABE1-AB259DCC693B}.Release|Any CPU.Build.0 = Release|Any CPU
		{5B8F4AD6-5495-46F1-ABE1-AB259DCC693B}.Release|x64.ActiveCfg = Release|Any CPU
		{5B8F4AD6-5495-46F1-ABE1-AB259DCC693B}.Release|x64.Build.0 = Release|Any CPU
		{5B8F4AD6-5495-46F1-ABE1-AB259DCC693B}.Release|x86.ActiveCfg = Release|Any CPU
		{5B8F4AD6-5495-46F1-ABE1-AB259DCC693B}.Release|x86.Build.0 = Release|Any CPU
		{1020E3E2-41F3-4459-9DF2-9E9FE796FE07}.Debug|Any CPU.ActiveCfg = Debug|Any CPU
		{1020E3E2-41F3-4459-9DF2-9E9FE796FE07}.Debug|Any CPU.Build.0 = Debug|Any CPU
		{1020E3E2-41F3-4459-9DF2-9E9FE796FE07}.Debug|x64.ActiveCfg = Debug|Any CPU
		{1020E3E2-41F3-4459-9DF2-9E9FE796FE07}.Debug|x64.Build.0 = Debug|Any CPU
		{1020E3E2-41F3-4459-9DF2-9E9FE796FE07}.Debug|x86.ActiveCfg = Debug|Any CPU
		{1020E3E2-41F3-4459-9DF2-9E9FE796FE07}.Debug|x86.Build.0 = Debug|Any CPU
		{1020E3E2-41F3-4459-9DF2-9E9FE796FE07}.Release|Any CPU.ActiveCfg = Release|Any CPU
		{1020E3E2-41F3-4459-9DF2-9E9FE796FE07}.Release|Any CPU.Build.0 = Release|Any CPU
		{1020E3E2-41F3-4459-9DF2-9E9FE796FE07}.Release|x64.ActiveCfg = Release|Any CPU
		{1020E3E2-41F3-4459-9DF2-9E9FE796FE07}.Release|x64.Build.0 = Release|Any CPU
		{1020E3E2-41F3-4459-9DF2-9E9FE796FE07}.Release|x86.ActiveCfg = Release|Any CPU
		{1020E3E2-41F3-4459-9DF2-9E9FE796FE07}.Release|x86.Build.0 = Release|Any CPU
		{F0E0AB8B-1E1F-4346-AE25-376C9787F829}.Debug|Any CPU.ActiveCfg = Debug|Any CPU
		{F0E0AB8B-1E1F-4346-AE25-376C9787F829}.Debug|Any CPU.Build.0 = Debug|Any CPU
		{F0E0AB8B-1E1F-4346-AE25-376C9787F829}.Debug|x64.ActiveCfg = Debug|Any CPU
		{F0E0AB8B-1E1F-4346-AE25-376C9787F829}.Debug|x64.Build.0 = Debug|Any CPU
		{F0E0AB8B-1E1F-4346-AE25-376C9787F829}.Debug|x86.ActiveCfg = Debug|Any CPU
		{F0E0AB8B-1E1F-4346-AE25-376C9787F829}.Debug|x86.Build.0 = Debug|Any CPU
		{F0E0AB8B-1E1F-4346-AE25-376C9787F829}.Release|Any CPU.ActiveCfg = Release|Any CPU
		{F0E0AB8B-1E1F-4346-AE25-376C9787F829}.Release|Any CPU.Build.0 = Release|Any CPU
		{F0E0AB8B-1E1F-4346-AE25-376C9787F829}.Release|x64.ActiveCfg = Release|Any CPU
		{F0E0AB8B-1E1F-4346-AE25-376C9787F829}.Release|x64.Build.0 = Release|Any CPU
		{F0E0AB8B-1E1F-4346-AE25-376C9787F829}.Release|x86.ActiveCfg = Release|Any CPU
		{F0E0AB8B-1E1F-4346-AE25-376C9787F829}.Release|x86.Build.0 = Release|Any CPU
		{700677C3-63D4-4941-BC00-9D7DBC3D40FA}.Debug|Any CPU.ActiveCfg = Debug|Any CPU
		{700677C3-63D4-4941-BC00-9D7DBC3D40FA}.Debug|Any CPU.Build.0 = Debug|Any CPU
		{700677C3-63D4-4941-BC00-9D7DBC3D40FA}.Debug|x64.ActiveCfg = Debug|Any CPU
		{700677C3-63D4-4941-BC00-9D7DBC3D40FA}.Debug|x64.Build.0 = Debug|Any CPU
		{700677C3-63D4-4941-BC00-9D7DBC3D40FA}.Debug|x86.ActiveCfg = Debug|Any CPU
		{700677C3-63D4-4941-BC00-9D7DBC3D40FA}.Debug|x86.Build.0 = Debug|Any CPU
		{700677C3-63D4-4941-BC00-9D7DBC3D40FA}.Release|Any CPU.ActiveCfg = Release|Any CPU
		{700677C3-63D4-4941-BC00-9D7DBC3D40FA}.Release|Any CPU.Build.0 = Release|Any CPU
		{700677C3-63D4-4941-BC00-9D7DBC3D40FA}.Release|x64.ActiveCfg = Release|Any CPU
		{700677C3-63D4-4941-BC00-9D7DBC3D40FA}.Release|x64.Build.0 = Release|Any CPU
		{700677C3-63D4-4941-BC00-9D7DBC3D40FA}.Release|x86.ActiveCfg = Release|Any CPU
		{700677C3-63D4-4941-BC00-9D7DBC3D40FA}.Release|x86.Build.0 = Release|Any CPU
		{C79638B5-BC1B-48FE-BDCC-8AEBA418F3AF}.Debug|Any CPU.ActiveCfg = Debug|Any CPU
		{C79638B5-BC1B-48FE-BDCC-8AEBA418F3AF}.Debug|Any CPU.Build.0 = Debug|Any CPU
		{C79638B5-BC1B-48FE-BDCC-8AEBA418F3AF}.Debug|x64.ActiveCfg = Debug|Any CPU
		{C79638B5-BC1B-48FE-BDCC-8AEBA418F3AF}.Debug|x64.Build.0 = Debug|Any CPU
		{C79638B5-BC1B-48FE-BDCC-8AEBA418F3AF}.Debug|x86.ActiveCfg = Debug|Any CPU
		{C79638B5-BC1B-48FE-BDCC-8AEBA418F3AF}.Debug|x86.Build.0 = Debug|Any CPU
		{C79638B5-BC1B-48FE-BDCC-8AEBA418F3AF}.Release|Any CPU.ActiveCfg = Release|Any CPU
		{C79638B5-BC1B-48FE-BDCC-8AEBA418F3AF}.Release|Any CPU.Build.0 = Release|Any CPU
		{C79638B5-BC1B-48FE-BDCC-8AEBA418F3AF}.Release|x64.ActiveCfg = Release|Any CPU
		{C79638B5-BC1B-48FE-BDCC-8AEBA418F3AF}.Release|x64.Build.0 = Release|Any CPU
		{C79638B5-BC1B-48FE-BDCC-8AEBA418F3AF}.Release|x86.ActiveCfg = Release|Any CPU
		{C79638B5-BC1B-48FE-BDCC-8AEBA418F3AF}.Release|x86.Build.0 = Release|Any CPU
		{55A71E2B-411E-41E9-B9C0-355D01102D9A}.Debug|Any CPU.ActiveCfg = Debug|Any CPU
		{55A71E2B-411E-41E9-B9C0-355D01102D9A}.Debug|Any CPU.Build.0 = Debug|Any CPU
		{55A71E2B-411E-41E9-B9C0-355D01102D9A}.Debug|x64.ActiveCfg = Debug|Any CPU
		{55A71E2B-411E-41E9-B9C0-355D01102D9A}.Debug|x64.Build.0 = Debug|Any CPU
		{55A71E2B-411E-41E9-B9C0-355D01102D9A}.Debug|x86.ActiveCfg = Debug|Any CPU
		{55A71E2B-411E-41E9-B9C0-355D01102D9A}.Debug|x86.Build.0 = Debug|Any CPU
		{55A71E2B-411E-41E9-B9C0-355D01102D9A}.Release|Any CPU.ActiveCfg = Release|Any CPU
		{55A71E2B-411E-41E9-B9C0-355D01102D9A}.Release|Any CPU.Build.0 = Release|Any CPU
		{55A71E2B-411E-41E9-B9C0-355D01102D9A}.Release|x64.ActiveCfg = Release|Any CPU
		{55A71E2B-411E-41E9-B9C0-355D01102D9A}.Release|x64.Build.0 = Release|Any CPU
		{55A71E2B-411E-41E9-B9C0-355D01102D9A}.Release|x86.ActiveCfg = Release|Any CPU
		{55A71E2B-411E-41E9-B9C0-355D01102D9A}.Release|x86.Build.0 = Release|Any CPU
		{CE43F9CF-635B-450D-B679-A9B529D6F3F0}.Debug|Any CPU.ActiveCfg = Debug|Any CPU
		{CE43F9CF-635B-450D-B679-A9B529D6F3F0}.Debug|Any CPU.Build.0 = Debug|Any CPU
		{CE43F9CF-635B-450D-B679-A9B529D6F3F0}.Debug|x64.ActiveCfg = Debug|Any CPU
		{CE43F9CF-635B-450D-B679-A9B529D6F3F0}.Debug|x64.Build.0 = Debug|Any CPU
		{CE43F9CF-635B-450D-B679-A9B529D6F3F0}.Debug|x86.ActiveCfg = Debug|Any CPU
		{CE43F9CF-635B-450D-B679-A9B529D6F3F0}.Debug|x86.Build.0 = Debug|Any CPU
		{CE43F9CF-635B-450D-B679-A9B529D6F3F0}.Release|Any CPU.ActiveCfg = Release|Any CPU
		{CE43F9CF-635B-450D-B679-A9B529D6F3F0}.Release|Any CPU.Build.0 = Release|Any CPU
		{CE43F9CF-635B-450D-B679-A9B529D6F3F0}.Release|x64.ActiveCfg = Release|Any CPU
		{CE43F9CF-635B-450D-B679-A9B529D6F3F0}.Release|x64.Build.0 = Release|Any CPU
		{CE43F9CF-635B-450D-B679-A9B529D6F3F0}.Release|x86.ActiveCfg = Release|Any CPU
		{CE43F9CF-635B-450D-B679-A9B529D6F3F0}.Release|x86.Build.0 = Release|Any CPU
		{AB753C2D-89F8-40D3-81CD-68567A0DCB96}.Debug|Any CPU.ActiveCfg = Debug|Any CPU
		{AB753C2D-89F8-40D3-81CD-68567A0DCB96}.Debug|Any CPU.Build.0 = Debug|Any CPU
		{AB753C2D-89F8-40D3-81CD-68567A0DCB96}.Debug|x64.ActiveCfg = Debug|Any CPU
		{AB753C2D-89F8-40D3-81CD-68567A0DCB96}.Debug|x64.Build.0 = Debug|Any CPU
		{AB753C2D-89F8-40D3-81CD-68567A0DCB96}.Debug|x86.ActiveCfg = Debug|Any CPU
		{AB753C2D-89F8-40D3-81CD-68567A0DCB96}.Debug|x86.Build.0 = Debug|Any CPU
		{AB753C2D-89F8-40D3-81CD-68567A0DCB96}.Release|Any CPU.ActiveCfg = Release|Any CPU
		{AB753C2D-89F8-40D3-81CD-68567A0DCB96}.Release|Any CPU.Build.0 = Release|Any CPU
		{AB753C2D-89F8-40D3-81CD-68567A0DCB96}.Release|x64.ActiveCfg = Release|Any CPU
		{AB753C2D-89F8-40D3-81CD-68567A0DCB96}.Release|x64.Build.0 = Release|Any CPU
		{AB753C2D-89F8-40D3-81CD-68567A0DCB96}.Release|x86.ActiveCfg = Release|Any CPU
		{AB753C2D-89F8-40D3-81CD-68567A0DCB96}.Release|x86.Build.0 = Release|Any CPU
		{3F86AFA7-6443-4A62-B14F-F7B102907C4C}.Debug|Any CPU.ActiveCfg = Debug|Any CPU
		{3F86AFA7-6443-4A62-B14F-F7B102907C4C}.Debug|Any CPU.Build.0 = Debug|Any CPU
		{3F86AFA7-6443-4A62-B14F-F7B102907C4C}.Debug|x64.ActiveCfg = Debug|Any CPU
		{3F86AFA7-6443-4A62-B14F-F7B102907C4C}.Debug|x64.Build.0 = Debug|Any CPU
		{3F86AFA7-6443-4A62-B14F-F7B102907C4C}.Debug|x86.ActiveCfg = Debug|Any CPU
		{3F86AFA7-6443-4A62-B14F-F7B102907C4C}.Debug|x86.Build.0 = Debug|Any CPU
		{3F86AFA7-6443-4A62-B14F-F7B102907C4C}.Release|Any CPU.ActiveCfg = Release|Any CPU
		{3F86AFA7-6443-4A62-B14F-F7B102907C4C}.Release|Any CPU.Build.0 = Release|Any CPU
		{3F86AFA7-6443-4A62-B14F-F7B102907C4C}.Release|x64.ActiveCfg = Release|Any CPU
		{3F86AFA7-6443-4A62-B14F-F7B102907C4C}.Release|x64.Build.0 = Release|Any CPU
		{3F86AFA7-6443-4A62-B14F-F7B102907C4C}.Release|x86.ActiveCfg = Release|Any CPU
		{3F86AFA7-6443-4A62-B14F-F7B102907C4C}.Release|x86.Build.0 = Release|Any CPU
		{9D8A355E-A55C-4C0C-8264-D682CDC89E6D}.Debug|Any CPU.ActiveCfg = Debug|Any CPU
		{9D8A355E-A55C-4C0C-8264-D682CDC89E6D}.Debug|Any CPU.Build.0 = Debug|Any CPU
		{9D8A355E-A55C-4C0C-8264-D682CDC89E6D}.Debug|x64.ActiveCfg = Debug|Any CPU
		{9D8A355E-A55C-4C0C-8264-D682CDC89E6D}.Debug|x64.Build.0 = Debug|Any CPU
		{9D8A355E-A55C-4C0C-8264-D682CDC89E6D}.Debug|x86.ActiveCfg = Debug|Any CPU
		{9D8A355E-A55C-4C0C-8264-D682CDC89E6D}.Debug|x86.Build.0 = Debug|Any CPU
		{9D8A355E-A55C-4C0C-8264-D682CDC89E6D}.Release|Any CPU.ActiveCfg = Release|Any CPU
		{9D8A355E-A55C-4C0C-8264-D682CDC89E6D}.Release|Any CPU.Build.0 = Release|Any CPU
		{9D8A355E-A55C-4C0C-8264-D682CDC89E6D}.Release|x64.ActiveCfg = Release|Any CPU
		{9D8A355E-A55C-4C0C-8264-D682CDC89E6D}.Release|x64.Build.0 = Release|Any CPU
		{9D8A355E-A55C-4C0C-8264-D682CDC89E6D}.Release|x86.ActiveCfg = Release|Any CPU
		{9D8A355E-A55C-4C0C-8264-D682CDC89E6D}.Release|x86.Build.0 = Release|Any CPU
		{03BA2D7E-193F-43CC-B8A8-1222005D4831}.Debug|Any CPU.ActiveCfg = Debug|Any CPU
		{03BA2D7E-193F-43CC-B8A8-1222005D4831}.Debug|Any CPU.Build.0 = Debug|Any CPU
		{03BA2D7E-193F-43CC-B8A8-1222005D4831}.Debug|x64.ActiveCfg = Debug|Any CPU
		{03BA2D7E-193F-43CC-B8A8-1222005D4831}.Debug|x64.Build.0 = Debug|Any CPU
		{03BA2D7E-193F-43CC-B8A8-1222005D4831}.Debug|x86.ActiveCfg = Debug|Any CPU
		{03BA2D7E-193F-43CC-B8A8-1222005D4831}.Debug|x86.Build.0 = Debug|Any CPU
		{03BA2D7E-193F-43CC-B8A8-1222005D4831}.Release|Any CPU.ActiveCfg = Release|Any CPU
		{03BA2D7E-193F-43CC-B8A8-1222005D4831}.Release|Any CPU.Build.0 = Release|Any CPU
		{03BA2D7E-193F-43CC-B8A8-1222005D4831}.Release|x64.ActiveCfg = Release|Any CPU
		{03BA2D7E-193F-43CC-B8A8-1222005D4831}.Release|x64.Build.0 = Release|Any CPU
		{03BA2D7E-193F-43CC-B8A8-1222005D4831}.Release|x86.ActiveCfg = Release|Any CPU
		{03BA2D7E-193F-43CC-B8A8-1222005D4831}.Release|x86.Build.0 = Release|Any CPU
		{6F36A6C7-66B1-4031-BB94-7AF399C55A8E}.Debug|Any CPU.ActiveCfg = Debug|Any CPU
		{6F36A6C7-66B1-4031-BB94-7AF399C55A8E}.Debug|Any CPU.Build.0 = Debug|Any CPU
		{6F36A6C7-66B1-4031-BB94-7AF399C55A8E}.Debug|x64.ActiveCfg = Debug|Any CPU
		{6F36A6C7-66B1-4031-BB94-7AF399C55A8E}.Debug|x64.Build.0 = Debug|Any CPU
		{6F36A6C7-66B1-4031-BB94-7AF399C55A8E}.Debug|x86.ActiveCfg = Debug|Any CPU
		{6F36A6C7-66B1-4031-BB94-7AF399C55A8E}.Debug|x86.Build.0 = Debug|Any CPU
		{6F36A6C7-66B1-4031-BB94-7AF399C55A8E}.Release|Any CPU.ActiveCfg = Release|Any CPU
		{6F36A6C7-66B1-4031-BB94-7AF399C55A8E}.Release|Any CPU.Build.0 = Release|Any CPU
		{6F36A6C7-66B1-4031-BB94-7AF399C55A8E}.Release|x64.ActiveCfg = Release|Any CPU
		{6F36A6C7-66B1-4031-BB94-7AF399C55A8E}.Release|x64.Build.0 = Release|Any CPU
		{6F36A6C7-66B1-4031-BB94-7AF399C55A8E}.Release|x86.ActiveCfg = Release|Any CPU
		{6F36A6C7-66B1-4031-BB94-7AF399C55A8E}.Release|x86.Build.0 = Release|Any CPU
	EndGlobalSection
	GlobalSection(SolutionProperties) = preSolution
		HideSolutionNode = FALSE
	EndGlobalSection
	GlobalSection(NestedProjects) = preSolution
		{54429208-D46D-47A1-80A0-4EE05CD92E16} = {0BB39A05-1926-C2B2-7003-8EB281EB5439}
		{18059E63-C948-4269-B99C-F9B9652780F4} = {0BB39A05-1926-C2B2-7003-8EB281EB5439}
		{B6B1C5C7-9B55-4DD9-BC5E-F3A9FABC27CD} = {0BB39A05-1926-C2B2-7003-8EB281EB5439}
		{4AAFDD82-2585-441C-A7B9-D8395180194F} = {0BB39A05-1926-C2B2-7003-8EB281EB5439}
		{28771DB0-8089-4C47-9AC6-7634EC6472B7} = {0BB39A05-1926-C2B2-7003-8EB281EB5439}
		{C0C36711-85AD-4365-B16E-F5B13EF1C23B} = {0BB39A05-1926-C2B2-7003-8EB281EB5439}
		{1B5DBFC7-91FE-CBE6-2577-3EF66F43B42E} = {07D57EEB-2F50-60C4-C011-FE4FA775C9A8}
		{EBC7F525-C10D-486D-BB9C-D5DB5E071D95} = {1B5DBFC7-91FE-CBE6-2577-3EF66F43B42E}
		{3E331FB1-F31D-C731-6FCB-702D03607601} = {07D57EEB-2F50-60C4-C011-FE4FA775C9A8}
		{16D48EE5-9169-4B23-9161-5B3988081142} = {3E331FB1-F31D-C731-6FCB-702D03607601}
		{DE1EAEE9-4147-4658-9095-A2EA9CA5B848} = {3E331FB1-F31D-C731-6FCB-702D03607601}
		{D4636868-D349-4B45-9510-5116B4E89512} = {3E331FB1-F31D-C731-6FCB-702D03607601}
		{E6561BC6-926A-4557-2070-28E38F5B00AC} = {07D57EEB-2F50-60C4-C011-FE4FA775C9A8}
		{5B8F4AD6-5495-46F1-ABE1-AB259DCC693B} = {E6561BC6-926A-4557-2070-28E38F5B00AC}
		{1020E3E2-41F3-4459-9DF2-9E9FE796FE07} = {E6561BC6-926A-4557-2070-28E38F5B00AC}
		{E0362B1B-6881-4CC8-495F-01DC47E8A251} = {07D57EEB-2F50-60C4-C011-FE4FA775C9A8}
		{F0E0AB8B-1E1F-4346-AE25-376C9787F829} = {E0362B1B-6881-4CC8-495F-01DC47E8A251}
		{700677C3-63D4-4941-BC00-9D7DBC3D40FA} = {E0362B1B-6881-4CC8-495F-01DC47E8A251}
		{923F1B13-4AB7-9957-92E8-7CA668E7127F} = {07D57EEB-2F50-60C4-C011-FE4FA775C9A8}
		{C79638B5-BC1B-48FE-BDCC-8AEBA418F3AF} = {923F1B13-4AB7-9957-92E8-7CA668E7127F}
		{55A71E2B-411E-41E9-B9C0-355D01102D9A} = {923F1B13-4AB7-9957-92E8-7CA668E7127F}
		{46636000-CFE4-BE84-FC5B-E694AB23E4A2} = {07D57EEB-2F50-60C4-C011-FE4FA775C9A8}
		{CE43F9CF-635B-450D-B679-A9B529D6F3F0} = {46636000-CFE4-BE84-FC5B-E694AB23E4A2}
		{4F682FB3-5620-D857-DD75-B299D5E69AA1} = {07D57EEB-2F50-60C4-C011-FE4FA775C9A8}
		{AB753C2D-89F8-40D3-81CD-68567A0DCB96} = {4F682FB3-5620-D857-DD75-B299D5E69AA1}
		{3F86AFA7-6443-4A62-B14F-F7B102907C4C} = {4F682FB3-5620-D857-DD75-B299D5E69AA1}
		{9D8A355E-A55C-4C0C-8264-D682CDC89E6D} = {4F682FB3-5620-D857-DD75-B299D5E69AA1}
		{03BA2D7E-193F-43CC-B8A8-1222005D4831} = {4F682FB3-5620-D857-DD75-B299D5E69AA1}
		{6F36A6C7-66B1-4031-BB94-7AF399C55A8E} = {4F682FB3-5620-D857-DD75-B299D5E69AA1}
	EndGlobalSection
EndGlobal
