
Microsoft Visual Studio Solution File, Format Version 12.00
# Visual Studio Version 17
VisualStudioVersion = 17.0.31903.59
MinimumVisualStudioVersion = 10.0.40219.1
Project("{2150E333-8FDC-42A3-9474-1A3956D46DE8}") = "Script", "Script", "{0BB39A05-1926-C2B2-7003-8EB281EB5439}"
EndProject
Project("{FAE04EC0-301F-11D3-BF4B-00C04F79EFBC}") = "ManagedTurnBasedExamples", "ManagedTurnBasedExamples\ManagedTurnBasedExamples.csproj", "{128E9AF6-CD25-4E1E-B04C-57E59319A67F}"
EndProject
Project("{FAE04EC0-301F-11D3-BF4B-00C04F79EFBC}") = "ProjectGlue", "ProjectGlue\ProjectGlue.csproj", "{7831828F-7B61-4A29-84F5-90BD017FD457}"
EndProject
Project("{2150E333-8FDC-42A3-9474-1A3956D46DE8}") = "Plugins", "Plugins", "{07D57EEB-2F50-60C4-C011-FE4FA775C9A8}"
EndProject
Project("{2150E333-8FDC-42A3-9474-1A3956D46DE8}") = "GameDataAccessTools", "GameDataAccessTools", "{3E331FB1-F31D-C731-6FCB-702D03607601}"
EndProject
Project("{FAE04EC0-301F-11D3-BF4B-00C04F79EFBC}") = "GameDataAccessTools.PluginGlue", "..\Plugins\GameDataAccessTools\Script\GameDataAccessTools.PluginGlue\GameDataAccessTools.PluginGlue.csproj", "{3A3D4F63-1405-46E0-AB9F-67EA239CBEA2}"
EndProject
Project("{FAE04EC0-301F-11D3-BF4B-00C04F79EFBC}") = "GameDataAccessTools.SourceGenerator", "..\Plugins\GameDataAccessTools\Script\GameDataAccessTools.SourceGenerator\GameDataAccessTools.SourceGenerator.csproj", "{79574D53-7180-4717-9DD7-6C02CAE5A955}"
EndProject
Project("{FAE04EC0-301F-11D3-BF4B-00C04F79EFBC}") = "ManagedGameDataAccessTools", "..\Plugins\GameDataAccessTools\Script\ManagedGameDataAccessTools\ManagedGameDataAccessTools.csproj", "{6F8584D8-835B-4059-8D63-B2D8CD092A14}"
EndProject
Project("{2150E333-8FDC-42A3-9474-1A3956D46DE8}") = "UnrealInject", "UnrealInject", "{923F1B13-4AB7-9957-92E8-7CA668E7127F}"
EndProject
Project("{FAE04EC0-301F-11D3-BF4B-00C04F79EFBC}") = "ManagedUnrealInject", "..\Plugins\UnrealInject\Script\ManagedUnrealInject\ManagedUnrealInject.csproj", "{7214EACD-3D04-439A-9542-CE1CB070F08D}"
EndProject
Global
	GlobalSection(SolutionConfigurationPlatforms) = preSolution
		Debug|Any CPU = Debug|Any CPU
		Debug|x64 = Debug|x64
		Debug|x86 = Debug|x86
		Release|Any CPU = Release|Any CPU
		Release|x64 = Release|x64
		Release|x86 = Release|x86
	EndGlobalSection
	GlobalSection(ProjectConfigurationPlatforms) = postSolution
		{128E9AF6-CD25-4E1E-B04C-57E59319A67F}.Debug|Any CPU.ActiveCfg = Debug|Any CPU
		{128E9AF6-CD25-4E1E-B04C-57E59319A67F}.Debug|Any CPU.Build.0 = Debug|Any CPU
		{128E9AF6-CD25-4E1E-B04C-57E59319A67F}.Debug|x64.ActiveCfg = Debug|Any CPU
		{128E9AF6-CD25-4E1E-B04C-57E59319A67F}.Debug|x64.Build.0 = Debug|Any CPU
		{128E9AF6-CD25-4E1E-B04C-57E59319A67F}.Debug|x86.ActiveCfg = Debug|Any CPU
		{128E9AF6-CD25-4E1E-B04C-57E59319A67F}.Debug|x86.Build.0 = Debug|Any CPU
		{128E9AF6-CD25-4E1E-B04C-57E59319A67F}.Release|Any CPU.ActiveCfg = Release|Any CPU
		{128E9AF6-CD25-4E1E-B04C-57E59319A67F}.Release|Any CPU.Build.0 = Release|Any CPU
		{128E9AF6-CD25-4E1E-B04C-57E59319A67F}.Release|x64.ActiveCfg = Release|Any CPU
		{128E9AF6-CD25-4E1E-B04C-57E59319A67F}.Release|x64.Build.0 = Release|Any CPU
		{128E9AF6-CD25-4E1E-B04C-57E59319A67F}.Release|x86.ActiveCfg = Release|Any CPU
		{128E9AF6-CD25-4E1E-B04C-57E59319A67F}.Release|x86.Build.0 = Release|Any CPU
		{7831828F-7B61-4A29-84F5-90BD017FD457}.Debug|Any CPU.ActiveCfg = Debug|Any CPU
		{7831828F-7B61-4A29-84F5-90BD017FD457}.Debug|Any CPU.Build.0 = Debug|Any CPU
		{7831828F-7B61-4A29-84F5-90BD017FD457}.Debug|x64.ActiveCfg = Debug|Any CPU
		{7831828F-7B61-4A29-84F5-90BD017FD457}.Debug|x64.Build.0 = Debug|Any CPU
		{7831828F-7B61-4A29-84F5-90BD017FD457}.Debug|x86.ActiveCfg = Debug|Any CPU
		{7831828F-7B61-4A29-84F5-90BD017FD457}.Debug|x86.Build.0 = Debug|Any CPU
		{7831828F-7B61-4A29-84F5-90BD017FD457}.Release|Any CPU.ActiveCfg = Release|Any CPU
		{7831828F-7B61-4A29-84F5-90BD017FD457}.Release|Any CPU.Build.0 = Release|Any CPU
		{7831828F-7B61-4A29-84F5-90BD017FD457}.Release|x64.ActiveCfg = Release|Any CPU
		{7831828F-7B61-4A29-84F5-90BD017FD457}.Release|x64.Build.0 = Release|Any CPU
		{7831828F-7B61-4A29-84F5-90BD017FD457}.Release|x86.ActiveCfg = Release|Any CPU
		{7831828F-7B61-4A29-84F5-90BD017FD457}.Release|x86.Build.0 = Release|Any CPU
		{3A3D4F63-1405-46E0-AB9F-67EA239CBEA2}.Debug|Any CPU.ActiveCfg = Debug|Any CPU
		{3A3D4F63-1405-46E0-AB9F-67EA239CBEA2}.Debug|Any CPU.Build.0 = Debug|Any CPU
		{3A3D4F63-1405-46E0-AB9F-67EA239CBEA2}.Debug|x64.ActiveCfg = Debug|Any CPU
		{3A3D4F63-1405-46E0-AB9F-67EA239CBEA2}.Debug|x64.Build.0 = Debug|Any CPU
		{3A3D4F63-1405-46E0-AB9F-67EA239CBEA2}.Debug|x86.ActiveCfg = Debug|Any CPU
		{3A3D4F63-1405-46E0-AB9F-67EA239CBEA2}.Debug|x86.Build.0 = Debug|Any CPU
		{3A3D4F63-1405-46E0-AB9F-67EA239CBEA2}.Release|Any CPU.ActiveCfg = Release|Any CPU
		{3A3D4F63-1405-46E0-AB9F-67EA239CBEA2}.Release|Any CPU.Build.0 = Release|Any CPU
		{3A3D4F63-1405-46E0-AB9F-67EA239CBEA2}.Release|x64.ActiveCfg = Release|Any CPU
		{3A3D4F63-1405-46E0-AB9F-67EA239CBEA2}.Release|x64.Build.0 = Release|Any CPU
		{3A3D4F63-1405-46E0-AB9F-67EA239CBEA2}.Release|x86.ActiveCfg = Release|Any CPU
		{3A3D4F63-1405-46E0-AB9F-67EA239CBEA2}.Release|x86.Build.0 = Release|Any CPU
		{79574D53-7180-4717-9DD7-6C02CAE5A955}.Debug|Any CPU.ActiveCfg = Debug|Any CPU
		{79574D53-7180-4717-9DD7-6C02CAE5A955}.Debug|Any CPU.Build.0 = Debug|Any CPU
		{79574D53-7180-4717-9DD7-6C02CAE5A955}.Debug|x64.ActiveCfg = Debug|Any CPU
		{79574D53-7180-4717-9DD7-6C02CAE5A955}.Debug|x64.Build.0 = Debug|Any CPU
		{79574D53-7180-4717-9DD7-6C02CAE5A955}.Debug|x86.ActiveCfg = Debug|Any CPU
		{79574D53-7180-4717-9DD7-6C02CAE5A955}.Debug|x86.Build.0 = Debug|Any CPU
		{79574D53-7180-4717-9DD7-6C02CAE5A955}.Release|Any CPU.ActiveCfg = Release|Any CPU
		{79574D53-7180-4717-9DD7-6C02CAE5A955}.Release|Any CPU.Build.0 = Release|Any CPU
		{79574D53-7180-4717-9DD7-6C02CAE5A955}.Release|x64.ActiveCfg = Release|Any CPU
		{79574D53-7180-4717-9DD7-6C02CAE5A955}.Release|x64.Build.0 = Release|Any CPU
		{79574D53-7180-4717-9DD7-6C02CAE5A955}.Release|x86.ActiveCfg = Release|Any CPU
		{79574D53-7180-4717-9DD7-6C02CAE5A955}.Release|x86.Build.0 = Release|Any CPU
		{6F8584D8-835B-4059-8D63-B2D8CD092A14}.Debug|Any CPU.ActiveCfg = Debug|Any CPU
		{6F8584D8-835B-4059-8D63-B2D8CD092A14}.Debug|Any CPU.Build.0 = Debug|Any CPU
		{6F8584D8-835B-4059-8D63-B2D8CD092A14}.Debug|x64.ActiveCfg = Debug|Any CPU
		{6F8584D8-835B-4059-8D63-B2D8CD092A14}.Debug|x64.Build.0 = Debug|Any CPU
		{6F8584D8-835B-4059-8D63-B2D8CD092A14}.Debug|x86.ActiveCfg = Debug|Any CPU
		{6F8584D8-835B-4059-8D63-B2D8CD092A14}.Debug|x86.Build.0 = Debug|Any CPU
		{6F8584D8-835B-4059-8D63-B2D8CD092A14}.Release|Any CPU.ActiveCfg = Release|Any CPU
		{6F8584D8-835B-4059-8D63-B2D8CD092A14}.Release|Any CPU.Build.0 = Release|Any CPU
		{6F8584D8-835B-4059-8D63-B2D8CD092A14}.Release|x64.ActiveCfg = Release|Any CPU
		{6F8584D8-835B-4059-8D63-B2D8CD092A14}.Release|x64.Build.0 = Release|Any CPU
		{6F8584D8-835B-4059-8D63-B2D8CD092A14}.Release|x86.ActiveCfg = Release|Any CPU
		{6F8584D8-835B-4059-8D63-B2D8CD092A14}.Release|x86.Build.0 = Release|Any CPU
		{7214EACD-3D04-439A-9542-CE1CB070F08D}.Debug|Any CPU.ActiveCfg = Debug|Any CPU
		{7214EACD-3D04-439A-9542-CE1CB070F08D}.Debug|Any CPU.Build.0 = Debug|Any CPU
		{7214EACD-3D04-439A-9542-CE1CB070F08D}.Debug|x64.ActiveCfg = Debug|Any CPU
		{7214EACD-3D04-439A-9542-CE1CB070F08D}.Debug|x64.Build.0 = Debug|Any CPU
		{7214EACD-3D04-439A-9542-CE1CB070F08D}.Debug|x86.ActiveCfg = Debug|Any CPU
		{7214EACD-3D04-439A-9542-CE1CB070F08D}.Debug|x86.Build.0 = Debug|Any CPU
		{7214EACD-3D04-439A-9542-CE1CB070F08D}.Release|Any CPU.ActiveCfg = Release|Any CPU
		{7214EACD-3D04-439A-9542-CE1CB070F08D}.Release|Any CPU.Build.0 = Release|Any CPU
		{7214EACD-3D04-439A-9542-CE1CB070F08D}.Release|x64.ActiveCfg = Release|Any CPU
		{7214EACD-3D04-439A-9542-CE1CB070F08D}.Release|x64.Build.0 = Release|Any CPU
		{7214EACD-3D04-439A-9542-CE1CB070F08D}.Release|x86.ActiveCfg = Release|Any CPU
		{7214EACD-3D04-439A-9542-CE1CB070F08D}.Release|x86.Build.0 = Release|Any CPU
	EndGlobalSection
	GlobalSection(SolutionProperties) = preSolution
		HideSolutionNode = FALSE
	EndGlobalSection
	GlobalSection(NestedProjects) = preSolution
		{128E9AF6-CD25-4E1E-B04C-57E59319A67F} = {0BB39A05-1926-C2B2-7003-8EB281EB5439}
		{7831828F-7B61-4A29-84F5-90BD017FD457} = {0BB39A05-1926-C2B2-7003-8EB281EB5439}
		{3E331FB1-F31D-C731-6FCB-702D03607601} = {07D57EEB-2F50-60C4-C011-FE4FA775C9A8}
		{3A3D4F63-1405-46E0-AB9F-67EA239CBEA2} = {3E331FB1-F31D-C731-6FCB-702D03607601}
		{79574D53-7180-4717-9DD7-6C02CAE5A955} = {3E331FB1-F31D-C731-6FCB-702D03607601}
		{6F8584D8-835B-4059-8D63-B2D8CD092A14} = {3E331FB1-F31D-C731-6FCB-702D03607601}
		{923F1B13-4AB7-9957-92E8-7CA668E7127F} = {07D57EEB-2F50-60C4-C011-FE4FA775C9A8}
		{7214EACD-3D04-439A-9542-CE1CB070F08D} = {923F1B13-4AB7-9957-92E8-7CA668E7127F}
	EndGlobalSection
EndGlobal
