
Microsoft Visual Studio Solution File, Format Version 12.00
# Visual Studio Version 17
VisualStudioVersion = 17.0.31903.59
MinimumVisualStudioVersion = 10.0.40219.1
Project("{FAE04EC0-301F-11D3-BF4B-00C04F79EFBC}") = "ManagedTurnBasedExamples", "ManagedTurnBasedExamples\ManagedTurnBasedExamples.csproj", "{20A2C204-7F8B-4DA1-88A5-2EED8C21BE47}"
EndProject
Project("{FAE04EC0-301F-11D3-BF4B-00C04F79EFBC}") = "ProjectGlue", "ProjectGlue\ProjectGlue.csproj", "{F661473A-E2BD-493E-9122-FC8F3482B50B}"
EndProject
Project("{FAE04EC0-301F-11D3-BF4B-00C04F79EFBC}") = "GameDataAccessTools.PluginGlue", "..\Plugins\GameDataAccessTools\Script\GameDataAccessTools.PluginGlue\GameDataAccessTools.PluginGlue.csproj", "{F4572550-1D3A-4B03-8106-8FEBC4E9E69E}"
EndProject
Project("{FAE04EC0-301F-11D3-BF4B-00C04F79EFBC}") = "UnrealSharpGameplayAbilities.PluginGlue", "..\Plugins\UnrealSharpGameplayAbilities\Script\UnrealSharpGameplayAbilities.PluginGlue\UnrealSharpGameplayAbilities.PluginGlue.csproj", "{B9F05DDB-430D-4A58-ACDD-57440C417AB3}"
EndProject
Project("{FAE04EC0-301F-11D3-BF4B-00C04F79EFBC}") = "GameDataAccessTools.SourceGenerator", "..\Plugins\GameDataAccessTools\Script\GameDataAccessTools.SourceGenerator\GameDataAccessTools.SourceGenerator.csproj", "{EBDB320B-0015-4FA1-BD9B-07D396B484EF}"
EndProject
Project("{FAE04EC0-301F-11D3-BF4B-00C04F79EFBC}") = "ManagedGameDataAccessTools", "..\Plugins\GameDataAccessTools\Script\ManagedGameDataAccessTools\ManagedGameDataAccessTools.csproj", "{AE3E2AE5-0786-4C99-B785-8329C7CED4A6}"
EndProject
Global
	GlobalSection(SolutionConfigurationPlatforms) = preSolution
		Debug|Any CPU = Debug|Any CPU
		Debug|x64 = Debug|x64
		Debug|x86 = Debug|x86
		Release|Any CPU = Release|Any CPU
		Release|x64 = Release|x64
		Release|x86 = Release|x86
	EndGlobalSection
	GlobalSection(ProjectConfigurationPlatforms) = postSolution
		{20A2C204-7F8B-4DA1-88A5-2EED8C21BE47}.Debug|Any CPU.ActiveCfg = Debug|Any CPU
		{20A2C204-7F8B-4DA1-88A5-2EED8C21BE47}.Debug|Any CPU.Build.0 = Debug|Any CPU
		{20A2C204-7F8B-4DA1-88A5-2EED8C21BE47}.Debug|x64.ActiveCfg = Debug|Any CPU
		{20A2C204-7F8B-4DA1-88A5-2EED8C21BE47}.Debug|x64.Build.0 = Debug|Any CPU
		{20A2C204-7F8B-4DA1-88A5-2EED8C21BE47}.Debug|x86.ActiveCfg = Debug|Any CPU
		{20A2C204-7F8B-4DA1-88A5-2EED8C21BE47}.Debug|x86.Build.0 = Debug|Any CPU
		{20A2C204-7F8B-4DA1-88A5-2EED8C21BE47}.Release|Any CPU.ActiveCfg = Release|Any CPU
		{20A2C204-7F8B-4DA1-88A5-2EED8C21BE47}.Release|Any CPU.Build.0 = Release|Any CPU
		{20A2C204-7F8B-4DA1-88A5-2EED8C21BE47}.Release|x64.ActiveCfg = Release|Any CPU
		{20A2C204-7F8B-4DA1-88A5-2EED8C21BE47}.Release|x64.Build.0 = Release|Any CPU
		{20A2C204-7F8B-4DA1-88A5-2EED8C21BE47}.Release|x86.ActiveCfg = Release|Any CPU
		{20A2C204-7F8B-4DA1-88A5-2EED8C21BE47}.Release|x86.Build.0 = Release|Any CPU
		{F661473A-E2BD-493E-9122-FC8F3482B50B}.Debug|Any CPU.ActiveCfg = Debug|Any CPU
		{F661473A-E2BD-493E-9122-FC8F3482B50B}.Debug|Any CPU.Build.0 = Debug|Any CPU
		{F661473A-E2BD-493E-9122-FC8F3482B50B}.Debug|x64.ActiveCfg = Debug|Any CPU
		{F661473A-E2BD-493E-9122-FC8F3482B50B}.Debug|x64.Build.0 = Debug|Any CPU
		{F661473A-E2BD-493E-9122-FC8F3482B50B}.Debug|x86.ActiveCfg = Debug|Any CPU
		{F661473A-E2BD-493E-9122-FC8F3482B50B}.Debug|x86.Build.0 = Debug|Any CPU
		{F661473A-E2BD-493E-9122-FC8F3482B50B}.Release|Any CPU.ActiveCfg = Release|Any CPU
		{F661473A-E2BD-493E-9122-FC8F3482B50B}.Release|Any CPU.Build.0 = Release|Any CPU
		{F661473A-E2BD-493E-9122-FC8F3482B50B}.Release|x64.ActiveCfg = Release|Any CPU
		{F661473A-E2BD-493E-9122-FC8F3482B50B}.Release|x64.Build.0 = Release|Any CPU
		{F661473A-E2BD-493E-9122-FC8F3482B50B}.Release|x86.ActiveCfg = Release|Any CPU
		{F661473A-E2BD-493E-9122-FC8F3482B50B}.Release|x86.Build.0 = Release|Any CPU
		{F4572550-1D3A-4B03-8106-8FEBC4E9E69E}.Debug|Any CPU.ActiveCfg = Debug|Any CPU
		{F4572550-1D3A-4B03-8106-8FEBC4E9E69E}.Debug|Any CPU.Build.0 = Debug|Any CPU
		{F4572550-1D3A-4B03-8106-8FEBC4E9E69E}.Debug|x64.ActiveCfg = Debug|Any CPU
		{F4572550-1D3A-4B03-8106-8FEBC4E9E69E}.Debug|x64.Build.0 = Debug|Any CPU
		{F4572550-1D3A-4B03-8106-8FEBC4E9E69E}.Debug|x86.ActiveCfg = Debug|Any CPU
		{F4572550-1D3A-4B03-8106-8FEBC4E9E69E}.Debug|x86.Build.0 = Debug|Any CPU
		{F4572550-1D3A-4B03-8106-8FEBC4E9E69E}.Release|Any CPU.ActiveCfg = Release|Any CPU
		{F4572550-1D3A-4B03-8106-8FEBC4E9E69E}.Release|Any CPU.Build.0 = Release|Any CPU
		{F4572550-1D3A-4B03-8106-8FEBC4E9E69E}.Release|x64.ActiveCfg = Release|Any CPU
		{F4572550-1D3A-4B03-8106-8FEBC4E9E69E}.Release|x64.Build.0 = Release|Any CPU
		{F4572550-1D3A-4B03-8106-8FEBC4E9E69E}.Release|x86.ActiveCfg = Release|Any CPU
		{F4572550-1D3A-4B03-8106-8FEBC4E9E69E}.Release|x86.Build.0 = Release|Any CPU
		{B9F05DDB-430D-4A58-ACDD-57440C417AB3}.Debug|Any CPU.ActiveCfg = Debug|Any CPU
		{B9F05DDB-430D-4A58-ACDD-57440C417AB3}.Debug|Any CPU.Build.0 = Debug|Any CPU
		{B9F05DDB-430D-4A58-ACDD-57440C417AB3}.Debug|x64.ActiveCfg = Debug|Any CPU
		{B9F05DDB-430D-4A58-ACDD-57440C417AB3}.Debug|x64.Build.0 = Debug|Any CPU
		{B9F05DDB-430D-4A58-ACDD-57440C417AB3}.Debug|x86.ActiveCfg = Debug|Any CPU
		{B9F05DDB-430D-4A58-ACDD-57440C417AB3}.Debug|x86.Build.0 = Debug|Any CPU
		{B9F05DDB-430D-4A58-ACDD-57440C417AB3}.Release|Any CPU.ActiveCfg = Release|Any CPU
		{B9F05DDB-430D-4A58-ACDD-57440C417AB3}.Release|Any CPU.Build.0 = Release|Any CPU
		{B9F05DDB-430D-4A58-ACDD-57440C417AB3}.Release|x64.ActiveCfg = Release|Any CPU
		{B9F05DDB-430D-4A58-ACDD-57440C417AB3}.Release|x64.Build.0 = Release|Any CPU
		{B9F05DDB-430D-4A58-ACDD-57440C417AB3}.Release|x86.ActiveCfg = Release|Any CPU
		{B9F05DDB-430D-4A58-ACDD-57440C417AB3}.Release|x86.Build.0 = Release|Any CPU
		{EBDB320B-0015-4FA1-BD9B-07D396B484EF}.Debug|Any CPU.ActiveCfg = Debug|Any CPU
		{EBDB320B-0015-4FA1-BD9B-07D396B484EF}.Debug|Any CPU.Build.0 = Debug|Any CPU
		{EBDB320B-0015-4FA1-BD9B-07D396B484EF}.Debug|x64.ActiveCfg = Debug|Any CPU
		{EBDB320B-0015-4FA1-BD9B-07D396B484EF}.Debug|x64.Build.0 = Debug|Any CPU
		{EBDB320B-0015-4FA1-BD9B-07D396B484EF}.Debug|x86.ActiveCfg = Debug|Any CPU
		{EBDB320B-0015-4FA1-BD9B-07D396B484EF}.Debug|x86.Build.0 = Debug|Any CPU
		{EBDB320B-0015-4FA1-BD9B-07D396B484EF}.Release|Any CPU.ActiveCfg = Release|Any CPU
		{EBDB320B-0015-4FA1-BD9B-07D396B484EF}.Release|Any CPU.Build.0 = Release|Any CPU
		{EBDB320B-0015-4FA1-BD9B-07D396B484EF}.Release|x64.ActiveCfg = Release|Any CPU
		{EBDB320B-0015-4FA1-BD9B-07D396B484EF}.Release|x64.Build.0 = Release|Any CPU
		{EBDB320B-0015-4FA1-BD9B-07D396B484EF}.Release|x86.ActiveCfg = Release|Any CPU
		{EBDB320B-0015-4FA1-BD9B-07D396B484EF}.Release|x86.Build.0 = Release|Any CPU
		{AE3E2AE5-0786-4C99-B785-8329C7CED4A6}.Debug|Any CPU.ActiveCfg = Debug|Any CPU
		{AE3E2AE5-0786-4C99-B785-8329C7CED4A6}.Debug|Any CPU.Build.0 = Debug|Any CPU
		{AE3E2AE5-0786-4C99-B785-8329C7CED4A6}.Debug|x64.ActiveCfg = Debug|Any CPU
		{AE3E2AE5-0786-4C99-B785-8329C7CED4A6}.Debug|x64.Build.0 = Debug|Any CPU
		{AE3E2AE5-0786-4C99-B785-8329C7CED4A6}.Debug|x86.ActiveCfg = Debug|Any CPU
		{AE3E2AE5-0786-4C99-B785-8329C7CED4A6}.Debug|x86.Build.0 = Debug|Any CPU
		{AE3E2AE5-0786-4C99-B785-8329C7CED4A6}.Release|Any CPU.ActiveCfg = Release|Any CPU
		{AE3E2AE5-0786-4C99-B785-8329C7CED4A6}.Release|Any CPU.Build.0 = Release|Any CPU
		{AE3E2AE5-0786-4C99-B785-8329C7CED4A6}.Release|x64.ActiveCfg = Release|Any CPU
		{AE3E2AE5-0786-4C99-B785-8329C7CED4A6}.Release|x64.Build.0 = Release|Any CPU
		{AE3E2AE5-0786-4C99-B785-8329C7CED4A6}.Release|x86.ActiveCfg = Release|Any CPU
		{AE3E2AE5-0786-4C99-B785-8329C7CED4A6}.Release|x86.Build.0 = Release|Any CPU
	EndGlobalSection
	GlobalSection(SolutionProperties) = preSolution
		HideSolutionNode = FALSE
	EndGlobalSection
EndGlobal
